// !$*UTF8*$!
{
	archiveVersion = 1;
	classes = {
	};
	objectVersion = 56;
	objects = {

/* Begin PBXBuildFile section */
		D79736D12A9F73CD00F30F5D /* ex01App.swift in Sources */ = {isa = PBXBuildFile; fileRef = D79736D02A9F73CD00F30F5D /* ex01App.swift */; };
		D79736D32A9F73CD00F30F5D /* ContentView.swift in Sources */ = {isa = PBXBuildFile; fileRef = D79736D22A9F73CD00F30F5D /* ContentView.swift */; };
		D79736D52A9F73CF00F30F5D /* Assets.xcassets in Resources */ = {isa = PBXBuildFile; fileRef = D79736D42A9F73CF00F30F5D /* Assets.xcassets */; };
		D79736D82A9F73CF00F30F5D /* Preview Assets.xcassets in Resources */ = {isa = PBXBuildFile; fileRef = D79736D72A9F73CF00F30F5D /* Preview Assets.xcassets */; };
		D79736E22A9F73CF00F30F5D /* ex01Tests.swift in Sources */ = {isa = PBXBuildFile; fileRef = D79736E12A9F73CF00F30F5D /* ex01Tests.swift */; };
		D79736EC2A9F73CF00F30F5D /* ex01UITests.swift in Sources */ = {isa = PBXBuildFile; fileRef = D79736EB2A9F73CF00F30F5D /* ex01UITests.swift */; };
		D79736EE2A9F73CF00F30F5D /* ex01UITestsLaunchTests.swift in Sources */ = {isa = PBXBuildFile; fileRef = D79736ED2A9F73CF00F30F5D /* ex01UITestsLaunchTests.swift */; };
/* End PBXBuildFile section */

/* Begin PBXContainerItemProxy section */
		D79736DE2A9F73CF00F30F5D /* PBXContainerItemProxy */ = {
			isa = PBXContainerItemProxy;
			containerPortal = D79736C52A9F73CD00F30F5D /* Project object */;
			proxyType = 1;
			remoteGlobalIDString = D79736CC2A9F73CD00F30F5D;
			remoteInfo = ex00;
		};
		D79736E82A9F73CF00F30F5D /* PBXContainerItemProxy */ = {
			isa = PBXContainerItemProxy;
			containerPortal = D79736C52A9F73CD00F30F5D /* Project object */;
			proxyType = 1;
			remoteGlobalIDString = D79736CC2A9F73CD00F30F5D;
			remoteInfo = ex00;
		};
/* End PBXContainerItemProxy section */

/* Begin PBXFileReference section */
		D79736CD2A9F73CD00F30F5D /* ex01.app */ = {isa = PBXFileReference; explicitFileType = wrapper.application; includeInIndex = 0; path = ex01.app; sourceTree = BUILT_PRODUCTS_DIR; };
		D79736D02A9F73CD00F30F5D /* ex01App.swift */ = {isa = PBXFileReference; lastKnownFileType = sourcecode.swift; path = ex01App.swift; sourceTree = "<group>"; };
		D79736D22A9F73CD00F30F5D /* ContentView.swift */ = {isa = PBXFileReference; lastKnownFileType = sourcecode.swift; path = ContentView.swift; sourceTree = "<group>"; };
		D79736D42A9F73CF00F30F5D /* Assets.xcassets */ = {isa = PBXFileReference; lastKnownFileType = folder.assetcatalog; path = Assets.xcassets; sourceTree = "<group>"; };
		D79736D72A9F73CF00F30F5D /* Preview Assets.xcassets */ = {isa = PBXFileReference; lastKnownFileType = folder.assetcatalog; path = "Preview Assets.xcassets"; sourceTree = "<group>"; };
		D79736DD2A9F73CF00F30F5D /* ex01Tests.xctest */ = {isa = PBXFileReference; explicitFileType = wrapper.cfbundle; includeInIndex = 0; path = ex01Tests.xctest; sourceTree = BUILT_PRODUCTS_DIR; };
		D79736E12A9F73CF00F30F5D /* ex01Tests.swift */ = {isa = PBXFileReference; lastKnownFileType = sourcecode.swift; path = ex01Tests.swift; sourceTree = "<group>"; };
		D79736E72A9F73CF00F30F5D /* ex01UITests.xctest */ = {isa = PBXFileReference; explicitFileType = wrapper.cfbundle; includeInIndex = 0; path = ex01UITests.xctest; sourceTree = BUILT_PRODUCTS_DIR; };
		D79736EB2A9F73CF00F30F5D /* ex01UITests.swift */ = {isa = PBXFileReference; lastKnownFileType = sourcecode.swift; path = ex01UITests.swift; sourceTree = "<group>"; };
		D79736ED2A9F73CF00F30F5D /* ex01UITestsLaunchTests.swift */ = {isa = PBXFileReference; lastKnownFileType = sourcecode.swift; path = ex01UITestsLaunchTests.swift; sourceTree = "<group>"; };
/* End PBXFileReference section */

/* Begin PBXFrameworksBuildPhase section */
		D79736CA2A9F73CD00F30F5D /* Frameworks */ = {
			isa = PBXFrameworksBuildPhase;
			buildActionMask = 2147483647;
			files = (
			);
			runOnlyForDeploymentPostprocessing = 0;
		};
		D79736DA2A9F73CF00F30F5D /* Frameworks */ = {
			isa = PBXFrameworksBuildPhase;
			buildActionMask = 2147483647;
			files = (
			);
			runOnlyForDeploymentPostprocessing = 0;
		};
		D79736E42A9F73CF00F30F5D /* Frameworks */ = {
			isa = PBXFrameworksBuildPhase;
			buildActionMask = 2147483647;
			files = (
			);
			runOnlyForDeploymentPostprocessing = 0;
		};
/* End PBXFrameworksBuildPhase section */

/* Begin PBXGroup section */
		D79736C42A9F73CD00F30F5D = {
			isa = PBXGroup;
			children = (
				D79736CF2A9F73CD00F30F5D /* ex01 */,
				D79736E02A9F73CF00F30F5D /* ex01Tests */,
				D79736EA2A9F73CF00F30F5D /* ex01UITests */,
				D79736CE2A9F73CD00F30F5D /* Products */,
			);
			sourceTree = "<group>";
		};
		D79736CE2A9F73CD00F30F5D /* Products */ = {
			isa = PBXGroup;
			children = (
				D79736CD2A9F73CD00F30F5D /* ex01.app */,
				D79736DD2A9F73CF00F30F5D /* ex01Tests.xctest */,
				D79736E72A9F73CF00F30F5D /* ex01UITests.xctest */,
			);
			name = Products;
			sourceTree = "<group>";
		};
		D79736CF2A9F73CD00F30F5D /* ex01 */ = {
			isa = PBXGroup;
			children = (
				D79736D02A9F73CD00F30F5D /* ex01App.swift */,
				D79736D22A9F73CD00F30F5D /* ContentView.swift */,
				D79736D42A9F73CF00F30F5D /* Assets.xcassets */,
				D79736D62A9F73CF00F30F5D /* Preview Content */,
			);
			path = ex01;
			sourceTree = "<group>";
		};
		D79736D62A9F73CF00F30F5D /* Preview Content */ = {
			isa = PBXGroup;
			children = (
				D79736D72A9F73CF00F30F5D /* Preview Assets.xcassets */,
			);
			path = "Preview Content";
			sourceTree = "<group>";
		};
		D79736E02A9F73CF00F30F5D /* ex01Tests */ = {
			isa = PBXGroup;
			children = (
				D79736E12A9F73CF00F30F5D /* ex01Tests.swift */,
			);
			path = ex01Tests;
			sourceTree = "<group>";
		};
		D79736EA2A9F73CF00F30F5D /* ex01UITests */ = {
			isa = PBXGroup;
			children = (
				D79736EB2A9F73CF00F30F5D /* ex01UITests.swift */,
				D79736ED2A9F73CF00F30F5D /* ex01UITestsLaunchTests.swift */,
			);
			path = ex01UITests;
			sourceTree = "<group>";
		};
/* End PBXGroup section */

/* Begin PBXNativeTarget section */
		D79736CC2A9F73CD00F30F5D /* ex01 */ = {
			isa = PBXNativeTarget;
			buildConfigurationList = D79736F12A9F73CF00F30F5D /* Build configuration list for PBXNativeTarget "ex01" */;
			buildPhases = (
				D79736C92A9F73CD00F30F5D /* Sources */,
				D79736CA2A9F73CD00F30F5D /* Frameworks */,
				D79736CB2A9F73CD00F30F5D /* Resources */,
			);
			buildRules = (
			);
			dependencies = (
			);
			name = ex01;
			productName = ex00;
			productReference = D79736CD2A9F73CD00F30F5D /* ex01.app */;
			productType = "com.apple.product-type.application";
		};
		D79736DC2A9F73CF00F30F5D /* ex01Tests */ = {
			isa = PBXNativeTarget;
			buildConfigurationList = D79736F42A9F73CF00F30F5D /* Build configuration list for PBXNativeTarget "ex01Tests" */;
			buildPhases = (
				D79736D92A9F73CF00F30F5D /* Sources */,
				D79736DA2A9F73CF00F30F5D /* Frameworks */,
				D79736DB2A9F73CF00F30F5D /* Resources */,
			);
			buildRules = (
			);
			dependencies = (
				D79736DF2A9F73CF00F30F5D /* PBXTargetDependency */,
			);
			name = ex01Tests;
			productName = ex00Tests;
			productReference = D79736DD2A9F73CF00F30F5D /* ex01Tests.xctest */;
			productType = "com.apple.product-type.bundle.unit-test";
		};
		D79736E62A9F73CF00F30F5D /* ex01UITests */ = {
			isa = PBXNativeTarget;
			buildConfigurationList = D79736F72A9F73CF00F30F5D /* Build configuration list for PBXNativeTarget "ex01UITests" */;
			buildPhases = (
				D79736E32A9F73CF00F30F5D /* Sources */,
				D79736E42A9F73CF00F30F5D /* Frameworks */,
				D79736E52A9F73CF00F30F5D /* Resources */,
			);
			buildRules = (
			);
			dependencies = (
				D79736E92A9F73CF00F30F5D /* PBXTargetDependency */,
			);
			name = ex01UITests;
			productName = ex00UITests;
			productReference = D79736E72A9F73CF00F30F5D /* ex01UITests.xctest */;
			productType = "com.apple.product-type.bundle.ui-testing";
		};
/* End PBXNativeTarget section */

/* Begin PBXProject section */
		D79736C52A9F73CD00F30F5D /* Project object */ = {
			isa = PBXProject;
			attributes = {
				BuildIndependentTargetsInParallel = 1;
				LastSwiftUpdateCheck = 1500;
				LastUpgradeCheck = 1500;
				TargetAttributes = {
					D79736CC2A9F73CD00F30F5D = {
						CreatedOnToolsVersion = 15.0;
					};
					D79736DC2A9F73CF00F30F5D = {
						CreatedOnToolsVersion = 15.0;
						TestTargetID = D79736CC2A9F73CD00F30F5D;
					};
					D79736E62A9F73CF00F30F5D = {
						CreatedOnToolsVersion = 15.0;
						TestTargetID = D79736CC2A9F73CD00F30F5D;
					};
				};
			};
			buildConfigurationList = D79736C82A9F73CD00F30F5D /* Build configuration list for PBXProject "ex01" */;
			compatibilityVersion = "Xcode 14.0";
			developmentRegion = en;
			hasScannedForEncodings = 0;
			knownRegions = (
				en,
				Base,
			);
			mainGroup = D79736C42A9F73CD00F30F5D;
			productRefGroup = D79736CE2A9F73CD00F30F5D /* Products */;
			projectDirPath = "";
			projectRoot = "";
			targets = (
				D79736CC2A9F73CD00F30F5D /* ex01 */,
				D79736DC2A9F73CF00F30F5D /* ex01Tests */,
				D79736E62A9F73CF00F30F5D /* ex01UITests */,
			);
		};
/* End PBXProject section */

/* Begin PBXResourcesBuildPhase section */
		D79736CB2A9F73CD00F30F5D /* Resources */ = {
			isa = PBXResourcesBuildPhase;
			buildActionMask = 2147483647;
			files = (
				D79736D82A9F73CF00F30F5D /* Preview Assets.xcassets in Resources */,
				D79736D52A9F73CF00F30F5D /* Assets.xcassets in Resources */,
			);
			runOnlyForDeploymentPostprocessing = 0;
		};
		D79736DB2A9F73CF00F30F5D /* Resources */ = {
			isa = PBXResourcesBuildPhase;
			buildActionMask = 2147483647;
			files = (
			);
			runOnlyForDeploymentPostprocessing = 0;
		};
		D79736E52A9F73CF00F30F5D /* Resources */ = {
			isa = PBXResourcesBuildPhase;
			buildActionMask = 2147483647;
			files = (
			);
			runOnlyForDeploymentPostprocessing = 0;
		};
/* End PBXResourcesBuildPhase section */

/* Begin PBXSourcesBuildPhase section */
		D79736C92A9F73CD00F30F5D /* Sources */ = {
			isa = PBXSourcesBuildPhase;
			buildActionMask = 2147483647;
			files = (
				D79736D32A9F73CD00F30F5D /* ContentView.swift in Sources */,
				D79736D12A9F73CD00F30F5D /* ex01App.swift in Sources */,
			);
			runOnlyForDeploymentPostprocessing = 0;
		};
		D79736D92A9F73CF00F30F5D /* Sources */ = {
			isa = PBXSourcesBuildPhase;
			buildActionMask = 2147483647;
			files = (
				D79736E22A9F73CF00F30F5D /* ex01Tests.swift in Sources */,
			);
			runOnlyForDeploymentPostprocessing = 0;
		};
		D79736E32A9F73CF00F30F5D /* Sources */ = {
			isa = PBXSourcesBuildPhase;
			buildActionMask = 2147483647;
			files = (
				D79736EC2A9F73CF00F30F5D /* ex01UITests.swift in Sources */,
				D79736EE2A9F73CF00F30F5D /* ex01UITestsLaunchTests.swift in Sources */,
			);
			runOnlyForDeploymentPostprocessing = 0;
		};
/* End PBXSourcesBuildPhase section */

/* Begin PBXTargetDependency section */
		D79736DF2A9F73CF00F30F5D /* PBXTargetDependency */ = {
			isa = PBXTargetDependency;
			target = D79736CC2A9F73CD00F30F5D /* ex01 */;
			targetProxy = D79736DE2A9F73CF00F30F5D /* PBXContainerItemProxy */;
		};
		D79736E92A9F73CF00F30F5D /* PBXTargetDependency */ = {
			isa = PBXTargetDependency;
			target = D79736CC2A9F73CD00F30F5D /* ex01 */;
			targetProxy = D79736E82A9F73CF00F30F5D /* PBXContainerItemProxy */;
		};
/* End PBXTargetDependency section */

/* Begin XCBuildConfiguration section */
		D79736EF2A9F73CF00F30F5D /* Debug */ = {
			isa = XCBuildConfiguration;
			buildSettings = {
				ALWAYS_SEARCH_USER_PATHS = NO;
				ASSETCATALOG_COMPILER_GENERATE_SWIFT_ASSET_SYMBOL_EXTENSIONS = YES;
				CLANG_ANALYZER_NONNULL = YES;
				CLANG_ANALYZER_NUMBER_OBJECT_CONVERSION = YES_AGGRESSIVE;
				CLANG_CXX_LANGUAGE_STANDARD = "gnu++20";
				CLANG_ENABLE_MODULES = YES;
				CLANG_ENABLE_OBJC_ARC = YES;
				CLANG_ENABLE_OBJC_WEAK = YES;
				CLANG_WARN_BLOCK_CAPTURE_AUTORELEASING = YES;
				CLANG_WARN_BOOL_CONVERSION = YES;
				CLANG_WARN_COMMA = YES;
				CLANG_WARN_CONSTANT_CONVERSION = YES;
				CLANG_WARN_DEPRECATED_OBJC_IMPLEMENTATIONS = YES;
				CLANG_WARN_DIRECT_OBJC_ISA_USAGE = YES_ERROR;
				CLANG_WARN_DOCUMENTATION_COMMENTS = YES;
				CLANG_WARN_EMPTY_BODY = YES;
				CLANG_WARN_ENUM_CONVERSION = YES;
				CLANG_WARN_INFINITE_RECURSION = YES;
				CLANG_WARN_INT_CONVERSION = YES;
				CLANG_WARN_NON_LITERAL_NULL_CONVERSION = YES;
				CLANG_WARN_OBJC_IMPLICIT_RETAIN_SELF = YES;
				CLANG_WARN_OBJC_LITERAL_CONVERSION = YES;
				CLANG_WARN_OBJC_ROOT_CLASS = YES_ERROR;
				CLANG_WARN_QUOTED_INCLUDE_IN_FRAMEWORK_HEADER = YES;
				CLANG_WARN_RANGE_LOOP_ANALYSIS = YES;
				CLANG_WARN_STRICT_PROTOTYPES = YES;
				CLANG_WARN_SUSPICIOUS_MOVE = YES;
				CLANG_WARN_UNGUARDED_AVAILABILITY = YES_AGGRESSIVE;
				CLANG_WARN_UNREACHABLE_CODE = YES;
				CLANG_WARN__DUPLICATE_METHOD_MATCH = YES;
				COPY_PHASE_STRIP = NO;
				DEBUG_INFORMATION_FORMAT = dwarf;
				ENABLE_STRICT_OBJC_MSGSEND = YES;
				ENABLE_TESTABILITY = YES;
				ENABLE_USER_SCRIPT_SANDBOXING = YES;
				GCC_C_LANGUAGE_STANDARD = gnu17;
				GCC_DYNAMIC_NO_PIC = NO;
				GCC_NO_COMMON_BLOCKS = YES;
				GCC_OPTIMIZATION_LEVEL = 0;
				GCC_PREPROCESSOR_DEFINITIONS = (
					"DEBUG=1",
					"$(inherited)",
				);
				GCC_WARN_64_TO_32_BIT_CONVERSION = YES;
				GCC_WARN_ABOUT_RETURN_TYPE = YES_ERROR;
				GCC_WARN_UNDECLARED_SELECTOR = YES;
				GCC_WARN_UNINITIALIZED_AUTOS = YES_AGGRESSIVE;
				GCC_WARN_UNUSED_FUNCTION = YES;
				GCC_WARN_UNUSED_VARIABLE = YES;
				IPHONEOS_DEPLOYMENT_TARGET = 17.0;
				LOCALIZATION_PREFERS_STRING_CATALOGS = YES;
				MTL_ENABLE_DEBUG_INFO = INCLUDE_SOURCE;
				MTL_FAST_MATH = YES;
				ONLY_ACTIVE_ARCH = YES;
				SDKROOT = iphoneos;
				SWIFT_ACTIVE_COMPILATION_CONDITIONS = "DEBUG $(inherited)";
				SWIFT_OPTIMIZATION_LEVEL = "-Onone";
			};
			name = Debug;
		};
		D79736F02A9F73CF00F30F5D /* Release */ = {
			isa = XCBuildConfiguration;
			buildSettings = {
				ALWAYS_SEARCH_USER_PATHS = NO;
				ASSETCATALOG_COMPILER_GENERATE_SWIFT_ASSET_SYMBOL_EXTENSIONS = YES;
				CLANG_ANALYZER_NONNULL = YES;
				CLANG_ANALYZER_NUMBER_OBJECT_CONVERSION = YES_AGGRESSIVE;
				CLANG_CXX_LANGUAGE_STANDARD = "gnu++20";
				CLANG_ENABLE_MODULES = YES;
				CLANG_ENABLE_OBJC_ARC = YES;
				CLANG_ENABLE_OBJC_WEAK = YES;
				CLANG_WARN_BLOCK_CAPTURE_AUTORELEASING = YES;
				CLANG_WARN_BOOL_CONVERSION = YES;
				CLANG_WARN_COMMA = YES;
				CLANG_WARN_CONSTANT_CONVERSION = YES;
				CLANG_WARN_DEPRECATED_OBJC_IMPLEMENTATIONS = YES;
				CLANG_WARN_DIRECT_OBJC_ISA_USAGE = YES_ERROR;
				CLANG_WARN_DOCUMENTATION_COMMENTS = YES;
				CLANG_WARN_EMPTY_BODY = YES;
				CLANG_WARN_ENUM_CONVERSION = YES;
				CLANG_WARN_INFINITE_RECURSION = YES;
				CLANG_WARN_INT_CONVERSION = YES;
				CLANG_WARN_NON_LITERAL_NULL_CONVERSION = YES;
				CLANG_WARN_OBJC_IMPLICIT_RETAIN_SELF = YES;
				CLANG_WARN_OBJC_LITERAL_CONVERSION = YES;
				CLANG_WARN_OBJC_ROOT_CLASS = YES_ERROR;
				CLANG_WARN_QUOTED_INCLUDE_IN_FRAMEWORK_HEADER = YES;
				CLANG_WARN_RANGE_LOOP_ANALYSIS = YES;
				CLANG_WARN_STRICT_PROTOTYPES = YES;
				CLANG_WARN_SUSPICIOUS_MOVE = YES;
				CLANG_WARN_UNGUARDED_AVAILABILITY = YES_AGGRESSIVE;
				CLANG_WARN_UNREACHABLE_CODE = YES;
				CLANG_WARN__DUPLICATE_METHOD_MATCH = YES;
				COPY_PHASE_STRIP = NO;
				DEBUG_INFORMATION_FORMAT = "dwarf-with-dsym";
				ENABLE_NS_ASSERTIONS = NO;
				ENABLE_STRICT_OBJC_MSGSEND = YES;
				ENABLE_USER_SCRIPT_SANDBOXING = YES;
				GCC_C_LANGUAGE_STANDARD = gnu17;
				GCC_NO_COMMON_BLOCKS = YES;
				GCC_WARN_64_TO_32_BIT_CONVERSION = YES;
				GCC_WARN_ABOUT_RETURN_TYPE = YES_ERROR;
				GCC_WARN_UNDECLARED_SELECTOR = YES;
				GCC_WARN_UNINITIALIZED_AUTOS = YES_AGGRESSIVE;
				GCC_WARN_UNUSED_FUNCTION = YES;
				GCC_WARN_UNUSED_VARIABLE = YES;
				IPHONEOS_DEPLOYMENT_TARGET = 17.0;
				LOCALIZATION_PREFERS_STRING_CATALOGS = YES;
				MTL_ENABLE_DEBUG_INFO = NO;
				MTL_FAST_MATH = YES;
				SDKROOT = iphoneos;
				SWIFT_COMPILATION_MODE = wholemodule;
				VALIDATE_PRODUCT = YES;
			};
			name = Release;
		};
		D79736F22A9F73CF00F30F5D /* Debug */ = {
			isa = XCBuildConfiguration;
			buildSettings = {
				ASSETCATALOG_COMPILER_APPICON_NAME = AppIcon;
				ASSETCATALOG_COMPILER_GLOBAL_ACCENT_COLOR_NAME = AccentColor;
				CODE_SIGN_STYLE = Automatic;
				CURRENT_PROJECT_VERSION = 1;
				DEVELOPMENT_ASSET_PATHS = "\"ex01/Preview Content\"";
				DEVELOPMENT_TEAM = 4MXULVWZCW;
				ENABLE_PREVIEWS = YES;
				GENERATE_INFOPLIST_FILE = YES;
				INFOPLIST_KEY_UIApplicationSceneManifest_Generation = YES;
				INFOPLIST_KEY_UIApplicationSupportsIndirectInputEvents = YES;
				INFOPLIST_KEY_UILaunchScreen_Generation = YES;
				INFOPLIST_KEY_UISupportedInterfaceOrientations_iPad = "UIInterfaceOrientationPortrait UIInterfaceOrientationPortraitUpsideDown UIInterfaceOrientationLandscapeLeft UIInterfaceOrientationLandscapeRight";
				INFOPLIST_KEY_UISupportedInterfaceOrientations_iPhone = "UIInterfaceOrientationPortrait UIInterfaceOrientationLandscapeLeft UIInterfaceOrientationLandscapeRight";
				LD_RUNPATH_SEARCH_PATHS = (
					"$(inherited)",
					"@executable_path/Frameworks",
				);
				MARKETING_VERSION = 1.0;
				PRODUCT_BUNDLE_IDENTIFIER = mobileModule00.ex00;
				PRODUCT_NAME = "$(TARGET_NAME)";
				SWIFT_EMIT_LOC_STRINGS = YES;
				SWIFT_VERSION = 5.0;
				TARGETED_DEVICE_FAMILY = "1,2";
			};
			name = Debug;
		};
		D79736F32A9F73CF00F30F5D /* Release */ = {
			isa = XCBuildConfiguration;
			buildSettings = {
				ASSETCATALOG_COMPILER_APPICON_NAME = AppIcon;
				ASSETCATALOG_COMPILER_GLOBAL_ACCENT_COLOR_NAME = AccentColor;
				CODE_SIGN_STYLE = Automatic;
				CURRENT_PROJECT_VERSION = 1;
				DEVELOPMENT_ASSET_PATHS = "\"ex01/Preview Content\"";
				DEVELOPMENT_TEAM = 4MXULVWZCW;
				ENABLE_PREVIEWS = YES;
				GENERATE_INFOPLIST_FILE = YES;
				INFOPLIST_KEY_UIApplicationSceneManifest_Generation = YES;
				INFOPLIST_KEY_UIApplicationSupportsIndirectInputEvents = YES;
				INFOPLIST_KEY_UILaunchScreen_Generation = YES;
				INFOPLIST_KEY_UISupportedInterfaceOrientations_iPad = "UIInterfaceOrientationPortrait UIInterfaceOrientationPortraitUpsideDown UIInterfaceOrientationLandscapeLeft UIInterfaceOrientationLandscapeRight";
				INFOPLIST_KEY_UISupportedInterfaceOrientations_iPhone = "UIInterfaceOrientationPortrait UIInterfaceOrientationLandscapeLeft UIInterfaceOrientationLandscapeRight";
				LD_RUNPATH_SEARCH_PATHS = (
					"$(inherited)",
					"@executable_path/Frameworks",
				);
				MARKETING_VERSION = 1.0;
				PRODUCT_BUNDLE_IDENTIFIER = mobileModule00.ex00;
				PRODUCT_NAME = "$(TARGET_NAME)";
				SWIFT_EMIT_LOC_STRINGS = YES;
				SWIFT_VERSION = 5.0;
				TARGETED_DEVICE_FAMILY = "1,2";
			};
			name = Release;
		};
		D79736F52A9F73CF00F30F5D /* Debug */ = {
			isa = XCBuildConfiguration;
			buildSettings = {
				ALWAYS_EMBED_SWIFT_STANDARD_LIBRARIES = YES;
				BUNDLE_LOADER = "$(TEST_HOST)";
				CODE_SIGN_STYLE = Automatic;
				CURRENT_PROJECT_VERSION = 1;
				DEVELOPMENT_TEAM = 4MXULVWZCW;
				GENERATE_INFOPLIST_FILE = YES;
				IPHONEOS_DEPLOYMENT_TARGET = 17.0;
				MARKETING_VERSION = 1.0;
				PRODUCT_BUNDLE_IDENTIFIER = mobileModule00.ex00Tests;
				PRODUCT_NAME = "$(TARGET_NAME)";
				SWIFT_EMIT_LOC_STRINGS = NO;
				SWIFT_VERSION = 5.0;
				TARGETED_DEVICE_FAMILY = "1,2";
				TEST_HOST = "$(BUILT_PRODUCTS_DIR)/ex01.app/$(BUNDLE_EXECUTABLE_FOLDER_PATH)/ex01";
			};
			name = Debug;
		};
		D79736F62A9F73CF00F30F5D /* Release */ = {
			isa = XCBuildConfiguration;
			buildSettings = {
				ALWAYS_EMBED_SWIFT_STANDARD_LIBRARIES = YES;
				BUNDLE_LOADER = "$(TEST_HOST)";
				CODE_SIGN_STYLE = Automatic;
				CURRENT_PROJECT_VERSION = 1;
				DEVELOPMENT_TEAM = 4MXULVWZCW;
				GENERATE_INFOPLIST_FILE = YES;
				IPHONEOS_DEPLOYMENT_TARGET = 17.0;
				MARKETING_VERSION = 1.0;
				PRODUCT_BUNDLE_IDENTIFIER = mobileModule00.ex00Tests;
				PRODUCT_NAME = "$(TARGET_NAME)";
				SWIFT_EMIT_LOC_STRINGS = NO;
				SWIFT_VERSION = 5.0;
				TARGETED_DEVICE_FAMILY = "1,2";
				TEST_HOST = "$(BUILT_PRODUCTS_DIR)/ex01.app/$(BUNDLE_EXECUTABLE_FOLDER_PATH)/ex01";
			};
			name = Release;
		};
		D79736F82A9F73CF00F30F5D /* Debug */ = {
			isa = XCBuildConfiguration;
			buildSettings = {
				ALWAYS_EMBED_SWIFT_STANDARD_LIBRARIES = YES;
				CODE_SIGN_STYLE = Automatic;
				CURRENT_PROJECT_VERSION = 1;
				DEVELOPMENT_TEAM = 4MXULVWZCW;
				GENERATE_INFOPLIST_FILE = YES;
				MARKETING_VERSION = 1.0;
				PRODUCT_BUNDLE_IDENTIFIER = mobileModule00.ex00UITests;
				PRODUCT_NAME = "$(TARGET_NAME)";
				SWIFT_EMIT_LOC_STRINGS = NO;
				SWIFT_VERSION = 5.0;
				TARGETED_DEVICE_FAMILY = "1,2";
				TEST_TARGET_NAME = ex00;
			};
			name = Debug;
		};
		D79736F92A9F73CF00F30F5D /* Release */ = {
			isa = XCBuildConfiguration;
			buildSettings = {
				ALWAYS_EMBED_SWIFT_STANDARD_LIBRARIES = YES;
				CODE_SIGN_STYLE = Automatic;
				CURRENT_PROJECT_VERSION = 1;
				DEVELOPMENT_TEAM = 4MXULVWZCW;
				GENERATE_INFOPLIST_FILE = YES;
				MARKETING_VERSION = 1.0;
				PRODUCT_BUNDLE_IDENTIFIER = mobileModule00.ex00UITests;
				PRODUCT_NAME = "$(TARGET_NAME)";
				SWIFT_EMIT_LOC_STRINGS = NO;
				SWIFT_VERSION = 5.0;
				TARGETED_DEVICE_FAMILY = "1,2";
				TEST_TARGET_NAME = ex00;
			};
			name = Release;
		};
/* End XCBuildConfiguration section */

/* Begin XCConfigurationList section */
		D79736C82A9F73CD00F30F5D /* Build configuration list for PBXProject "ex01" */ = {
			isa = XCConfigurationList;
			buildConfigurations = (
				D79736EF2A9F73CF00F30F5D /* Debug */,
				D79736F02A9F73CF00F30F5D /* Release */,
			);
			defaultConfigurationIsVisible = 0;
			defaultConfigurationName = Release;
		};
		D79736F12A9F73CF00F30F5D /* Build configuration list for PBXNativeTarget "ex01" */ = {
			isa = XCConfigurationList;
			buildConfigurations = (
				D79736F22A9F73CF00F30F5D /* Debug */,
				D79736F32A9F73CF00F30F5D /* Release */,
			);
			defaultConfigurationIsVisible = 0;
			defaultConfigurationName = Release;
		};
		D79736F42A9F73CF00F30F5D /* Build configuration list for PBXNativeTarget "ex01Tests" */ = {
			isa = XCConfigurationList;
			buildConfigurations = (
				D79736F52A9F73CF00F30F5D /* Debug */,
				D79736F62A9F73CF00F30F5D /* Release */,
			);
			defaultConfigurationIsVisible = 0;
			defaultConfigurationName = Release;
		};
		D79736F72A9F73CF00F30F5D /* Build configuration list for PBXNativeTarget "ex01UITests" */ = {
			isa = XCConfigurationList;
			buildConfigurations = (
				D79736F82A9F73CF00F30F5D /* Debug */,
				D79736F92A9F73CF00F30F5D /* Release */,
			);
			defaultConfigurationIsVisible = 0;
			defaultConfigurationName = Release;
		};
/* End XCConfigurationList section */
	};
	rootObject = D79736C52A9F73CD00F30F5D /* Project object */;
}
